
Microsoft Visual Studio Solution File, Format Version 12.00
# Visual Studio Version 17
VisualStudioVersion = 17.5.33516.290
MinimumVisualStudioVersion = 10.0.40219.1
Project("{FAE04EC0-301F-11D3-BF4B-00C04F79EFBC}") = "ConsoleApp1", "ConsoleApp1\ConsoleApp1.csproj", "{F2307DFD-D46C-42E5-902F-D5A4807638F3}"
EndProject
Global
	GlobalSection(SolutionConfigurationPlatforms) = preSolution
		Debug|Any CPU = Debug|Any CPU
		Release|Any CPU = Release|Any CPU
	EndGlobalSection
	GlobalSection(ProjectConfigurationPlatforms) = postSolution
		{F2307DFD-D46C-42E5-902F-D5A4807638F3}.Debug|Any CPU.ActiveCfg = Debug|Any CPU
		{F2307DFD-D46C-42E5-902F-D5A4807638F3}.Debug|Any CPU.Build.0 = Debug|Any CPU
		{F2307DFD-D46C-42E5-902F-D5A4807638F3}.Release|Any CPU.ActiveCfg = Release|Any CPU
		{F2307DFD-D46C-42E5-902F-D5A4807638F3}.Release|Any CPU.Build.0 = Release|Any CPU
	EndGlobalSection
	GlobalSection(SolutionProperties) = preSolution
		HideSolutionNode = FALSE
	EndGlobalSection
	GlobalSection(ExtensibilityGlobals) = postSolution
		SolutionGuid = {1B783ED7-A51D-4F68-8F32-B49338761439}
	EndGlobalSection
EndGlobal
