
Microsoft Visual Studio Solution File, Format Version 12.00
# Visual Studio Version 17
VisualStudioVersion = 17.5.33516.290
MinimumVisualStudioVersion = 10.0.40219.1
Project("{FAE04EC0-301F-11D3-BF4B-00C04F79EFBC}") = "TPWinForm_equipo-13", "App-WinForms\TPWinForm_equipo-13.csproj", "{C0D28031-2CFA-4CFC-896B-0E1AB070B585}"
EndProject
Project("{FAE04EC0-301F-11D3-BF4B-00C04F79EFBC}") = "Domain", "Domain\Domain.csproj", "{5A1EDC1B-7862-4402-A380-912A328F4F5A}"
EndProject
Project("{FAE04EC0-301F-11D3-BF4B-00C04F79EFBC}") = "Data", "Data\Data.csproj", "{D8C24556-2DCA-46C2-8B35-8C6464CBE6A5}"
EndProject
Project("{FAE04EC0-301F-11D3-BF4B-00C04F79EFBC}") = "Business", "Business\Business.csproj", "{07DADFF2-8CB1-43D4-9788-C828621D0F88}"
EndProject
Global
	GlobalSection(SolutionConfigurationPlatforms) = preSolution
		Debug|Any CPU = Debug|Any CPU
		Release|Any CPU = Release|Any CPU
	EndGlobalSection
	GlobalSection(ProjectConfigurationPlatforms) = postSolution
		{C0D28031-2CFA-4CFC-896B-0E1AB070B585}.Debug|Any CPU.ActiveCfg = Debug|Any CPU
		{C0D28031-2CFA-4CFC-896B-0E1AB070B585}.Debug|Any CPU.Build.0 = Debug|Any CPU
		{C0D28031-2CFA-4CFC-896B-0E1AB070B585}.Release|Any CPU.ActiveCfg = Release|Any CPU
		{C0D28031-2CFA-4CFC-896B-0E1AB070B585}.Release|Any CPU.Build.0 = Release|Any CPU
		{5A1EDC1B-7862-4402-A380-912A328F4F5A}.Debug|Any CPU.ActiveCfg = Debug|Any CPU
		{5A1EDC1B-7862-4402-A380-912A328F4F5A}.Debug|Any CPU.Build.0 = Debug|Any CPU
		{5A1EDC1B-7862-4402-A380-912A328F4F5A}.Release|Any CPU.ActiveCfg = Release|Any CPU
		{5A1EDC1B-7862-4402-A380-912A328F4F5A}.Release|Any CPU.Build.0 = Release|Any CPU
		{D8C24556-2DCA-46C2-8B35-8C6464CBE6A5}.Debug|Any CPU.ActiveCfg = Debug|Any CPU
		{D8C24556-2DCA-46C2-8B35-8C6464CBE6A5}.Debug|Any CPU.Build.0 = Debug|Any CPU
		{D8C24556-2DCA-46C2-8B35-8C6464CBE6A5}.Release|Any CPU.ActiveCfg = Release|Any CPU
		{D8C24556-2DCA-46C2-8B35-8C6464CBE6A5}.Release|Any CPU.Build.0 = Release|Any CPU
		{07DADFF2-8CB1-43D4-9788-C828621D0F88}.Debug|Any CPU.ActiveCfg = Debug|Any CPU
		{07DADFF2-8CB1-43D4-9788-C828621D0F88}.Debug|Any CPU.Build.0 = Debug|Any CPU
		{07DADFF2-8CB1-43D4-9788-C828621D0F88}.Release|Any CPU.ActiveCfg = Release|Any CPU
		{07DADFF2-8CB1-43D4-9788-C828621D0F88}.Release|Any CPU.Build.0 = Release|Any CPU
	EndGlobalSection
	GlobalSection(SolutionProperties) = preSolution
		HideSolutionNode = FALSE
	EndGlobalSection
	GlobalSection(ExtensibilityGlobals) = postSolution
		SolutionGuid = {79EC730D-BCFD-4203-BBFC-7BEACAED486C}
	EndGlobalSection
EndGlobal
